
Microsoft Visual Studio Solution File, Format Version 12.00
# Visual Studio Version 17
VisualStudioVersion = 17.2.32519.379
MinimumVisualStudioVersion = 10.0.40219.1
Project("{FAE04EC0-301F-11D3-BF4B-00C04F79EFBC}") = "MultiThreading", "MultiThreading\MultiThreading.csproj", "{54F7F5F7-AF6E-49B1-A965-B0253B02CC60}"
EndProject
Project("{FAE04EC0-301F-11D3-BF4B-00C04F79EFBC}") = "MultiThreadTestCase", "MultiThreadTestCase\MultiThreadTestCase.csproj", "{162EE8E1-97EA-4E4A-9EB5-67C6438FDCC1}"
EndProject
Global
	GlobalSection(SolutionConfigurationPlatforms) = preSolution
		Debug|Any CPU = Debug|Any CPU
		Release|Any CPU = Release|Any CPU
	EndGlobalSection
	GlobalSection(ProjectConfigurationPlatforms) = postSolution
		{54F7F5F7-AF6E-49B1-A965-B0253B02CC60}.Debug|Any CPU.ActiveCfg = Debug|Any CPU
		{54F7F5F7-AF6E-49B1-A965-B0253B02CC60}.Debug|Any CPU.Build.0 = Debug|Any CPU
		{54F7F5F7-AF6E-49B1-A965-B0253B02CC60}.Release|Any CPU.ActiveCfg = Release|Any CPU
		{54F7F5F7-AF6E-49B1-A965-B0253B02CC60}.Release|Any CPU.Build.0 = Release|Any CPU
		{162EE8E1-97EA-4E4A-9EB5-67C6438FDCC1}.Debug|Any CPU.ActiveCfg = Debug|Any CPU
		{162EE8E1-97EA-4E4A-9EB5-67C6438FDCC1}.Debug|Any CPU.Build.0 = Debug|Any CPU
		{162EE8E1-97EA-4E4A-9EB5-67C6438FDCC1}.Release|Any CPU.ActiveCfg = Release|Any CPU
		{162EE8E1-97EA-4E4A-9EB5-67C6438FDCC1}.Release|Any CPU.Build.0 = Release|Any CPU
	EndGlobalSection
	GlobalSection(SolutionProperties) = preSolution
		HideSolutionNode = FALSE
	EndGlobalSection
	GlobalSection(ExtensibilityGlobals) = postSolution
		SolutionGuid = {FC48CE6B-EA1C-4255-B027-1FD89DE1AD2D}
	EndGlobalSection
EndGlobal
